
Microsoft Visual Studio Solution File, Format Version 12.00
# Visual Studio 15
VisualStudioVersion = 15.0.28307.572
MinimumVisualStudioVersion = 10.0.40219.1
Project("{FAE04EC0-301F-11D3-BF4B-00C04F79EFBC}") = "Acoplamento", "Acoplamento\Acoplamento.csproj", "{D82F1660-694C-4EF6-BECE-4B5BE80FD801}"
EndProject
Global
	GlobalSection(SolutionConfigurationPlatforms) = preSolution
		Debug|Any CPU = Debug|Any CPU
		Release|Any CPU = Release|Any CPU
	EndGlobalSection
	GlobalSection(ProjectConfigurationPlatforms) = postSolution
		{D82F1660-694C-4EF6-BECE-4B5BE80FD801}.Debug|Any CPU.ActiveCfg = Debug|Any CPU
		{D82F1660-694C-4EF6-BECE-4B5BE80FD801}.Debug|Any CPU.Build.0 = Debug|Any CPU
		{D82F1660-694C-4EF6-BECE-4B5BE80FD801}.Release|Any CPU.ActiveCfg = Release|Any CPU
		{D82F1660-694C-4EF6-BECE-4B5BE80FD801}.Release|Any CPU.Build.0 = Release|Any CPU
	EndGlobalSection
	GlobalSection(SolutionProperties) = preSolution
		HideSolutionNode = FALSE
	EndGlobalSection
	GlobalSection(ExtensibilityGlobals) = postSolution
		SolutionGuid = {1B96EE97-0BB4-44BE-8A73-29900D785447}
	EndGlobalSection
EndGlobal
