
Microsoft Visual Studio Solution File, Format Version 12.00
# Visual Studio 15
VisualStudioVersion = 15.0.28307.572
MinimumVisualStudioVersion = 10.0.40219.1
Project("{FAE04EC0-301F-11D3-BF4B-00C04F79EFBC}") = "Classes Abertas OCP DIP", "Classes Abertas OCP DIP\Classes Abertas OCP DIP.csproj", "{EE587627-EE44-4637-BCE1-B7EBB3EA73EB}"
EndProject
Global
	GlobalSection(SolutionConfigurationPlatforms) = preSolution
		Debug|Any CPU = Debug|Any CPU
		Release|Any CPU = Release|Any CPU
	EndGlobalSection
	GlobalSection(ProjectConfigurationPlatforms) = postSolution
		{EE587627-EE44-4637-BCE1-B7EBB3EA73EB}.Debug|Any CPU.ActiveCfg = Debug|Any CPU
		{EE587627-EE44-4637-BCE1-B7EBB3EA73EB}.Debug|Any CPU.Build.0 = Debug|Any CPU
		{EE587627-EE44-4637-BCE1-B7EBB3EA73EB}.Release|Any CPU.ActiveCfg = Release|Any CPU
		{EE587627-EE44-4637-BCE1-B7EBB3EA73EB}.Release|Any CPU.Build.0 = Release|Any CPU
	EndGlobalSection
	GlobalSection(SolutionProperties) = preSolution
		HideSolutionNode = FALSE
	EndGlobalSection
	GlobalSection(ExtensibilityGlobals) = postSolution
		SolutionGuid = {86A51E23-0399-4DF9-BF8F-FFCD035CB268}
	EndGlobalSection
EndGlobal
