
Microsoft Visual Studio Solution File, Format Version 12.00
# Visual Studio 15
VisualStudioVersion = 15.0.28307.572
MinimumVisualStudioVersion = 10.0.40219.1
Project("{FAE04EC0-301F-11D3-BF4B-00C04F79EFBC}") = "01-ByteBank", "01-ByteBank\01-ByteBank.csproj", "{C5F9D1A0-27C6-48CA-A839-84C1BD8781BF}"
EndProject
Project("{FAE04EC0-301F-11D3-BF4B-00C04F79EFBC}") = "02-ByteBank", "02-ByteBank\02-ByteBank.csproj", "{58DAC983-5524-4196-ACDF-04C84CF80B82}"
EndProject
Project("{FAE04EC0-301F-11D3-BF4B-00C04F79EFBC}") = "03-ByteBank", "03-ByteBank\03-ByteBank.csproj", "{98AC8090-ED74-46FB-AA95-513BB64DB386}"
EndProject
Project("{FAE04EC0-301F-11D3-BF4B-00C04F79EFBC}") = "Exe.01-ByteBank", "Exe.01-ByteBank\Exe.01-ByteBank.csproj", "{306FEDAC-4476-41F3-9469-69E170547BA2}"
EndProject
Project("{FAE04EC0-301F-11D3-BF4B-00C04F79EFBC}") = "04-ByteBank", "04-ByteBank\04-ByteBank.csproj", "{F2D7A51F-C79B-4235-913F-006489C840F3}"
EndProject
Project("{FAE04EC0-301F-11D3-BF4B-00C04F79EFBC}") = "05-ByteBank", "05-ByteBank\05-ByteBank.csproj", "{904EF37E-7374-404B-8168-5DEB72F65C78}"
EndProject
Project("{FAE04EC0-301F-11D3-BF4B-00C04F79EFBC}") = "Exe.02-ByteBank", "Exe.02-ByteBank\Exe.02-ByteBank.csproj", "{7CDCF8DC-6611-4B7F-9ED9-7FAF9F69D8DA}"
EndProject
Global
	GlobalSection(SolutionConfigurationPlatforms) = preSolution
		Debug|Any CPU = Debug|Any CPU
		Release|Any CPU = Release|Any CPU
	EndGlobalSection
	GlobalSection(ProjectConfigurationPlatforms) = postSolution
		{C5F9D1A0-27C6-48CA-A839-84C1BD8781BF}.Debug|Any CPU.ActiveCfg = Debug|Any CPU
		{C5F9D1A0-27C6-48CA-A839-84C1BD8781BF}.Debug|Any CPU.Build.0 = Debug|Any CPU
		{C5F9D1A0-27C6-48CA-A839-84C1BD8781BF}.Release|Any CPU.ActiveCfg = Release|Any CPU
		{C5F9D1A0-27C6-48CA-A839-84C1BD8781BF}.Release|Any CPU.Build.0 = Release|Any CPU
		{58DAC983-5524-4196-ACDF-04C84CF80B82}.Debug|Any CPU.ActiveCfg = Debug|Any CPU
		{58DAC983-5524-4196-ACDF-04C84CF80B82}.Debug|Any CPU.Build.0 = Debug|Any CPU
		{58DAC983-5524-4196-ACDF-04C84CF80B82}.Release|Any CPU.ActiveCfg = Release|Any CPU
		{58DAC983-5524-4196-ACDF-04C84CF80B82}.Release|Any CPU.Build.0 = Release|Any CPU
		{98AC8090-ED74-46FB-AA95-513BB64DB386}.Debug|Any CPU.ActiveCfg = Debug|Any CPU
		{98AC8090-ED74-46FB-AA95-513BB64DB386}.Debug|Any CPU.Build.0 = Debug|Any CPU
		{98AC8090-ED74-46FB-AA95-513BB64DB386}.Release|Any CPU.ActiveCfg = Release|Any CPU
		{98AC8090-ED74-46FB-AA95-513BB64DB386}.Release|Any CPU.Build.0 = Release|Any CPU
		{306FEDAC-4476-41F3-9469-69E170547BA2}.Debug|Any CPU.ActiveCfg = Debug|Any CPU
		{306FEDAC-4476-41F3-9469-69E170547BA2}.Debug|Any CPU.Build.0 = Debug|Any CPU
		{306FEDAC-4476-41F3-9469-69E170547BA2}.Release|Any CPU.ActiveCfg = Release|Any CPU
		{306FEDAC-4476-41F3-9469-69E170547BA2}.Release|Any CPU.Build.0 = Release|Any CPU
		{F2D7A51F-C79B-4235-913F-006489C840F3}.Debug|Any CPU.ActiveCfg = Debug|Any CPU
		{F2D7A51F-C79B-4235-913F-006489C840F3}.Debug|Any CPU.Build.0 = Debug|Any CPU
		{F2D7A51F-C79B-4235-913F-006489C840F3}.Release|Any CPU.ActiveCfg = Release|Any CPU
		{F2D7A51F-C79B-4235-913F-006489C840F3}.Release|Any CPU.Build.0 = Release|Any CPU
		{904EF37E-7374-404B-8168-5DEB72F65C78}.Debug|Any CPU.ActiveCfg = Debug|Any CPU
		{904EF37E-7374-404B-8168-5DEB72F65C78}.Debug|Any CPU.Build.0 = Debug|Any CPU
		{904EF37E-7374-404B-8168-5DEB72F65C78}.Release|Any CPU.ActiveCfg = Release|Any CPU
		{904EF37E-7374-404B-8168-5DEB72F65C78}.Release|Any CPU.Build.0 = Release|Any CPU
		{7CDCF8DC-6611-4B7F-9ED9-7FAF9F69D8DA}.Debug|Any CPU.ActiveCfg = Debug|Any CPU
		{7CDCF8DC-6611-4B7F-9ED9-7FAF9F69D8DA}.Debug|Any CPU.Build.0 = Debug|Any CPU
		{7CDCF8DC-6611-4B7F-9ED9-7FAF9F69D8DA}.Release|Any CPU.ActiveCfg = Release|Any CPU
		{7CDCF8DC-6611-4B7F-9ED9-7FAF9F69D8DA}.Release|Any CPU.Build.0 = Release|Any CPU
	EndGlobalSection
	GlobalSection(SolutionProperties) = preSolution
		HideSolutionNode = FALSE
	EndGlobalSection
	GlobalSection(ExtensibilityGlobals) = postSolution
		SolutionGuid = {99FDB426-15FE-4908-961C-6CBA96B7344B}
	EndGlobalSection
EndGlobal
