
Microsoft Visual Studio Solution File, Format Version 12.00
# Visual Studio 15
VisualStudioVersion = 15.0.28307.572
MinimumVisualStudioVersion = 10.0.40219.1
Project("{FAE04EC0-301F-11D3-BF4B-00C04F79EFBC}") = "1-PrimeiroProjeto", "1-PrimeiroProjeto\1-PrimeiroProjeto.csproj", "{C85A97AA-453A-4002-9C5A-704905999CA4}"
EndProject
Project("{FAE04EC0-301F-11D3-BF4B-00C04F79EFBC}") = "2-CVariaveis", "2-CVariaveis\2-CVariaveis.csproj", "{A0D7EE74-6686-465D-ACE0-0BE9208A169D}"
EndProject
Project("{FAE04EC0-301F-11D3-BF4B-00C04F79EFBC}") = "2.1-CVariaveis", "2.1-CVariaveis\2.1-CVariaveis.csproj", "{68DF5CFD-DCA7-41CB-9979-E1636B7F10C6}"
EndProject
Project("{FAE04EC0-301F-11D3-BF4B-00C04F79EFBC}") = "3-CVPontoFlutuant", "3-CVPontoFlutuant\3-CVPontoFlutuant.csproj", "{6F491718-3792-435E-BD4C-6F7273365314}"
EndProject
Project("{FAE04EC0-301F-11D3-BF4B-00C04F79EFBC}") = "3.1-PontoFlutuant", "3.1-PontoFlutuant\3.1-PontoFlutuant.csproj", "{6C9D1E0E-16CE-473C-A09E-746FECFD0875}"
EndProject
Project("{FAE04EC0-301F-11D3-BF4B-00C04F79EFBC}") = "4-CVariaveis", "4-CVariaveis\4-CVariaveis.csproj", "{2AC74409-C62A-4059-9875-23BA8A5ED069}"
EndProject
Project("{FAE04EC0-301F-11D3-BF4B-00C04F79EFBC}") = "4.1CVariaveis", "4.1CVariaveis\4.1CVariaveis.csproj", "{AD182455-39CD-495C-BC88-60C24155BFD4}"
EndProject
Project("{FAE04EC0-301F-11D3-BF4B-00C04F79EFBC}") = "5-CharEText", "5-CharEText\5-CharEText.csproj", "{F8F410A6-C63F-437E-B551-B2FFBD9E76FD}"
EndProject
Global
	GlobalSection(SolutionConfigurationPlatforms) = preSolution
		Debug|Any CPU = Debug|Any CPU
		Release|Any CPU = Release|Any CPU
	EndGlobalSection
	GlobalSection(ProjectConfigurationPlatforms) = postSolution
		{C85A97AA-453A-4002-9C5A-704905999CA4}.Debug|Any CPU.ActiveCfg = Debug|Any CPU
		{C85A97AA-453A-4002-9C5A-704905999CA4}.Debug|Any CPU.Build.0 = Debug|Any CPU
		{C85A97AA-453A-4002-9C5A-704905999CA4}.Release|Any CPU.ActiveCfg = Release|Any CPU
		{C85A97AA-453A-4002-9C5A-704905999CA4}.Release|Any CPU.Build.0 = Release|Any CPU
		{A0D7EE74-6686-465D-ACE0-0BE9208A169D}.Debug|Any CPU.ActiveCfg = Debug|Any CPU
		{A0D7EE74-6686-465D-ACE0-0BE9208A169D}.Debug|Any CPU.Build.0 = Debug|Any CPU
		{A0D7EE74-6686-465D-ACE0-0BE9208A169D}.Release|Any CPU.ActiveCfg = Release|Any CPU
		{A0D7EE74-6686-465D-ACE0-0BE9208A169D}.Release|Any CPU.Build.0 = Release|Any CPU
		{68DF5CFD-DCA7-41CB-9979-E1636B7F10C6}.Debug|Any CPU.ActiveCfg = Debug|Any CPU
		{68DF5CFD-DCA7-41CB-9979-E1636B7F10C6}.Debug|Any CPU.Build.0 = Debug|Any CPU
		{68DF5CFD-DCA7-41CB-9979-E1636B7F10C6}.Release|Any CPU.ActiveCfg = Release|Any CPU
		{68DF5CFD-DCA7-41CB-9979-E1636B7F10C6}.Release|Any CPU.Build.0 = Release|Any CPU
		{6F491718-3792-435E-BD4C-6F7273365314}.Debug|Any CPU.ActiveCfg = Debug|Any CPU
		{6F491718-3792-435E-BD4C-6F7273365314}.Debug|Any CPU.Build.0 = Debug|Any CPU
		{6F491718-3792-435E-BD4C-6F7273365314}.Release|Any CPU.ActiveCfg = Release|Any CPU
		{6F491718-3792-435E-BD4C-6F7273365314}.Release|Any CPU.Build.0 = Release|Any CPU
		{6C9D1E0E-16CE-473C-A09E-746FECFD0875}.Debug|Any CPU.ActiveCfg = Debug|Any CPU
		{6C9D1E0E-16CE-473C-A09E-746FECFD0875}.Debug|Any CPU.Build.0 = Debug|Any CPU
		{6C9D1E0E-16CE-473C-A09E-746FECFD0875}.Release|Any CPU.ActiveCfg = Release|Any CPU
		{6C9D1E0E-16CE-473C-A09E-746FECFD0875}.Release|Any CPU.Build.0 = Release|Any CPU
		{2AC74409-C62A-4059-9875-23BA8A5ED069}.Debug|Any CPU.ActiveCfg = Debug|Any CPU
		{2AC74409-C62A-4059-9875-23BA8A5ED069}.Debug|Any CPU.Build.0 = Debug|Any CPU
		{2AC74409-C62A-4059-9875-23BA8A5ED069}.Release|Any CPU.ActiveCfg = Release|Any CPU
		{2AC74409-C62A-4059-9875-23BA8A5ED069}.Release|Any CPU.Build.0 = Release|Any CPU
		{AD182455-39CD-495C-BC88-60C24155BFD4}.Debug|Any CPU.ActiveCfg = Debug|Any CPU
		{AD182455-39CD-495C-BC88-60C24155BFD4}.Debug|Any CPU.Build.0 = Debug|Any CPU
		{AD182455-39CD-495C-BC88-60C24155BFD4}.Release|Any CPU.ActiveCfg = Release|Any CPU
		{AD182455-39CD-495C-BC88-60C24155BFD4}.Release|Any CPU.Build.0 = Release|Any CPU
		{F8F410A6-C63F-437E-B551-B2FFBD9E76FD}.Debug|Any CPU.ActiveCfg = Debug|Any CPU
		{F8F410A6-C63F-437E-B551-B2FFBD9E76FD}.Debug|Any CPU.Build.0 = Debug|Any CPU
		{F8F410A6-C63F-437E-B551-B2FFBD9E76FD}.Release|Any CPU.ActiveCfg = Release|Any CPU
		{F8F410A6-C63F-437E-B551-B2FFBD9E76FD}.Release|Any CPU.Build.0 = Release|Any CPU
	EndGlobalSection
	GlobalSection(SolutionProperties) = preSolution
		HideSolutionNode = FALSE
	EndGlobalSection
	GlobalSection(ExtensibilityGlobals) = postSolution
		SolutionGuid = {47BF4900-8D0B-499B-B932-0B1CFD8C8DD3}
	EndGlobalSection
EndGlobal
