
Microsoft Visual Studio Solution File, Format Version 12.00
# Visual Studio 15
VisualStudioVersion = 15.0.28307.572
MinimumVisualStudioVersion = 10.0.40219.1
Project("{FAE04EC0-301F-11D3-BF4B-00C04F79EFBC}") = "1-PrimeiroProjeto", "1-PrimeiroProjeto\1-PrimeiroProjeto.csproj", "{C85A97AA-453A-4002-9C5A-704905999CA4}"
EndProject
Project("{FAE04EC0-301F-11D3-BF4B-00C04F79EFBC}") = "2-CVariaveis", "2-CVariaveis\2-CVariaveis.csproj", "{A0D7EE74-6686-465D-ACE0-0BE9208A169D}"
EndProject
Project("{FAE04EC0-301F-11D3-BF4B-00C04F79EFBC}") = "2.1-CVariaveis", "2.1-CVariaveis\2.1-CVariaveis.csproj", "{68DF5CFD-DCA7-41CB-9979-E1636B7F10C6}"
EndProject
Project("{FAE04EC0-301F-11D3-BF4B-00C04F79EFBC}") = "3-CVPontoFlutuant", "3-CVPontoFlutuant\3-CVPontoFlutuant.csproj", "{6F491718-3792-435E-BD4C-6F7273365314}"
EndProject
Project("{FAE04EC0-301F-11D3-BF4B-00C04F79EFBC}") = "3.1-PontoFlutuant", "3.1-PontoFlutuant\3.1-PontoFlutuant.csproj", "{6C9D1E0E-16CE-473C-A09E-746FECFD0875}"
EndProject
Project("{FAE04EC0-301F-11D3-BF4B-00C04F79EFBC}") = "4-CVariaveis", "4-CVariaveis\4-CVariaveis.csproj", "{2AC74409-C62A-4059-9875-23BA8A5ED069}"
EndProject
Project("{FAE04EC0-301F-11D3-BF4B-00C04F79EFBC}") = "4.1CVariaveis", "4.1CVariaveis\4.1CVariaveis.csproj", "{AD182455-39CD-495C-BC88-60C24155BFD4}"
EndProject
Project("{FAE04EC0-301F-11D3-BF4B-00C04F79EFBC}") = "5-CharEText", "5-CharEText\5-CharEText.csproj", "{F8F410A6-C63F-437E-B551-B2FFBD9E76FD}"
EndProject
Project("{FAE04EC0-301F-11D3-BF4B-00C04F79EFBC}") = "5.1-TestChar", "5.1-TestChar\5.1-TestChar.csproj", "{F380B30F-A6D0-4FDB-899B-CCD2C01EDC1D}"
EndProject
Project("{FAE04EC0-301F-11D3-BF4B-00C04F79EFBC}") = "6-AtriVariaveis", "6-AtriVariaveis\6-AtriVariaveis.csproj", "{C64ED134-D8FA-4533-8313-D9A10F1BE2A1}"
EndProject
Project("{FAE04EC0-301F-11D3-BF4B-00C04F79EFBC}") = "7-Condicionais", "7-Condicionais\7-Condicionais.csproj", "{F3D5F8C5-F162-47E4-BD83-FA00C9F556E9}"
EndProject
Project("{FAE04EC0-301F-11D3-BF4B-00C04F79EFBC}") = "7.1-Condicionais", "7.1-Condicionais\7.1-Condicionais.csproj", "{47A32F9F-11F2-4EE8-A228-7A0D20EA2540}"
EndProject
Project("{FAE04EC0-301F-11D3-BF4B-00C04F79EFBC}") = "8-Condicionais2", "8-Condicionais2\8-Condicionais2.csproj", "{B940B8BC-8C13-4939-BA0B-E48AF227AC2C}"
EndProject
Project("{FAE04EC0-301F-11D3-BF4B-00C04F79EFBC}") = "9-Escopo", "9-Escopo\9-Escopo.csproj", "{931B9DD5-1D1C-4D24-B444-8D8C552C3BD0}"
EndProject
Project("{FAE04EC0-301F-11D3-BF4B-00C04F79EFBC}") = "7.2-TestCondicional2", "7.2-TestCondicional2\7.2-TestCondicional2.csproj", "{AB3479C8-1C1C-4D48-97B6-17139D94AB9B}"
EndProject
Project("{FAE04EC0-301F-11D3-BF4B-00C04F79EFBC}") = "9-TestaEscopo", "9-TestaEscopo\9-TestaEscopo.csproj", "{46CC5C6F-C9E9-4B75-A4F1-D1264FF9C920}"
EndProject
Global
	GlobalSection(SolutionConfigurationPlatforms) = preSolution
		Debug|Any CPU = Debug|Any CPU
		Release|Any CPU = Release|Any CPU
	EndGlobalSection
	GlobalSection(ProjectConfigurationPlatforms) = postSolution
		{C85A97AA-453A-4002-9C5A-704905999CA4}.Debug|Any CPU.ActiveCfg = Debug|Any CPU
		{C85A97AA-453A-4002-9C5A-704905999CA4}.Debug|Any CPU.Build.0 = Debug|Any CPU
		{C85A97AA-453A-4002-9C5A-704905999CA4}.Release|Any CPU.ActiveCfg = Release|Any CPU
		{C85A97AA-453A-4002-9C5A-704905999CA4}.Release|Any CPU.Build.0 = Release|Any CPU
		{A0D7EE74-6686-465D-ACE0-0BE9208A169D}.Debug|Any CPU.ActiveCfg = Debug|Any CPU
		{A0D7EE74-6686-465D-ACE0-0BE9208A169D}.Debug|Any CPU.Build.0 = Debug|Any CPU
		{A0D7EE74-6686-465D-ACE0-0BE9208A169D}.Release|Any CPU.ActiveCfg = Release|Any CPU
		{A0D7EE74-6686-465D-ACE0-0BE9208A169D}.Release|Any CPU.Build.0 = Release|Any CPU
		{68DF5CFD-DCA7-41CB-9979-E1636B7F10C6}.Debug|Any CPU.ActiveCfg = Debug|Any CPU
		{68DF5CFD-DCA7-41CB-9979-E1636B7F10C6}.Debug|Any CPU.Build.0 = Debug|Any CPU
		{68DF5CFD-DCA7-41CB-9979-E1636B7F10C6}.Release|Any CPU.ActiveCfg = Release|Any CPU
		{68DF5CFD-DCA7-41CB-9979-E1636B7F10C6}.Release|Any CPU.Build.0 = Release|Any CPU
		{6F491718-3792-435E-BD4C-6F7273365314}.Debug|Any CPU.ActiveCfg = Debug|Any CPU
		{6F491718-3792-435E-BD4C-6F7273365314}.Debug|Any CPU.Build.0 = Debug|Any CPU
		{6F491718-3792-435E-BD4C-6F7273365314}.Release|Any CPU.ActiveCfg = Release|Any CPU
		{6F491718-3792-435E-BD4C-6F7273365314}.Release|Any CPU.Build.0 = Release|Any CPU
		{6C9D1E0E-16CE-473C-A09E-746FECFD0875}.Debug|Any CPU.ActiveCfg = Debug|Any CPU
		{6C9D1E0E-16CE-473C-A09E-746FECFD0875}.Debug|Any CPU.Build.0 = Debug|Any CPU
		{6C9D1E0E-16CE-473C-A09E-746FECFD0875}.Release|Any CPU.ActiveCfg = Release|Any CPU
		{6C9D1E0E-16CE-473C-A09E-746FECFD0875}.Release|Any CPU.Build.0 = Release|Any CPU
		{2AC74409-C62A-4059-9875-23BA8A5ED069}.Debug|Any CPU.ActiveCfg = Debug|Any CPU
		{2AC74409-C62A-4059-9875-23BA8A5ED069}.Debug|Any CPU.Build.0 = Debug|Any CPU
		{2AC74409-C62A-4059-9875-23BA8A5ED069}.Release|Any CPU.ActiveCfg = Release|Any CPU
		{2AC74409-C62A-4059-9875-23BA8A5ED069}.Release|Any CPU.Build.0 = Release|Any CPU
		{AD182455-39CD-495C-BC88-60C24155BFD4}.Debug|Any CPU.ActiveCfg = Debug|Any CPU
		{AD182455-39CD-495C-BC88-60C24155BFD4}.Debug|Any CPU.Build.0 = Debug|Any CPU
		{AD182455-39CD-495C-BC88-60C24155BFD4}.Release|Any CPU.ActiveCfg = Release|Any CPU
		{AD182455-39CD-495C-BC88-60C24155BFD4}.Release|Any CPU.Build.0 = Release|Any CPU
		{F8F410A6-C63F-437E-B551-B2FFBD9E76FD}.Debug|Any CPU.ActiveCfg = Debug|Any CPU
		{F8F410A6-C63F-437E-B551-B2FFBD9E76FD}.Debug|Any CPU.Build.0 = Debug|Any CPU
		{F8F410A6-C63F-437E-B551-B2FFBD9E76FD}.Release|Any CPU.ActiveCfg = Release|Any CPU
		{F8F410A6-C63F-437E-B551-B2FFBD9E76FD}.Release|Any CPU.Build.0 = Release|Any CPU
		{F380B30F-A6D0-4FDB-899B-CCD2C01EDC1D}.Debug|Any CPU.ActiveCfg = Debug|Any CPU
		{F380B30F-A6D0-4FDB-899B-CCD2C01EDC1D}.Debug|Any CPU.Build.0 = Debug|Any CPU
		{F380B30F-A6D0-4FDB-899B-CCD2C01EDC1D}.Release|Any CPU.ActiveCfg = Release|Any CPU
		{F380B30F-A6D0-4FDB-899B-CCD2C01EDC1D}.Release|Any CPU.Build.0 = Release|Any CPU
		{C64ED134-D8FA-4533-8313-D9A10F1BE2A1}.Debug|Any CPU.ActiveCfg = Debug|Any CPU
		{C64ED134-D8FA-4533-8313-D9A10F1BE2A1}.Debug|Any CPU.Build.0 = Debug|Any CPU
		{C64ED134-D8FA-4533-8313-D9A10F1BE2A1}.Release|Any CPU.ActiveCfg = Release|Any CPU
		{C64ED134-D8FA-4533-8313-D9A10F1BE2A1}.Release|Any CPU.Build.0 = Release|Any CPU
		{F3D5F8C5-F162-47E4-BD83-FA00C9F556E9}.Debug|Any CPU.ActiveCfg = Debug|Any CPU
		{F3D5F8C5-F162-47E4-BD83-FA00C9F556E9}.Debug|Any CPU.Build.0 = Debug|Any CPU
		{F3D5F8C5-F162-47E4-BD83-FA00C9F556E9}.Release|Any CPU.ActiveCfg = Release|Any CPU
		{F3D5F8C5-F162-47E4-BD83-FA00C9F556E9}.Release|Any CPU.Build.0 = Release|Any CPU
		{47A32F9F-11F2-4EE8-A228-7A0D20EA2540}.Debug|Any CPU.ActiveCfg = Debug|Any CPU
		{47A32F9F-11F2-4EE8-A228-7A0D20EA2540}.Debug|Any CPU.Build.0 = Debug|Any CPU
		{47A32F9F-11F2-4EE8-A228-7A0D20EA2540}.Release|Any CPU.ActiveCfg = Release|Any CPU
		{47A32F9F-11F2-4EE8-A228-7A0D20EA2540}.Release|Any CPU.Build.0 = Release|Any CPU
		{B940B8BC-8C13-4939-BA0B-E48AF227AC2C}.Debug|Any CPU.ActiveCfg = Debug|Any CPU
		{B940B8BC-8C13-4939-BA0B-E48AF227AC2C}.Debug|Any CPU.Build.0 = Debug|Any CPU
		{B940B8BC-8C13-4939-BA0B-E48AF227AC2C}.Release|Any CPU.ActiveCfg = Release|Any CPU
		{B940B8BC-8C13-4939-BA0B-E48AF227AC2C}.Release|Any CPU.Build.0 = Release|Any CPU
		{931B9DD5-1D1C-4D24-B444-8D8C552C3BD0}.Debug|Any CPU.ActiveCfg = Debug|Any CPU
		{931B9DD5-1D1C-4D24-B444-8D8C552C3BD0}.Debug|Any CPU.Build.0 = Debug|Any CPU
		{931B9DD5-1D1C-4D24-B444-8D8C552C3BD0}.Release|Any CPU.ActiveCfg = Release|Any CPU
		{931B9DD5-1D1C-4D24-B444-8D8C552C3BD0}.Release|Any CPU.Build.0 = Release|Any CPU
		{AB3479C8-1C1C-4D48-97B6-17139D94AB9B}.Debug|Any CPU.ActiveCfg = Debug|Any CPU
		{AB3479C8-1C1C-4D48-97B6-17139D94AB9B}.Debug|Any CPU.Build.0 = Debug|Any CPU
		{AB3479C8-1C1C-4D48-97B6-17139D94AB9B}.Release|Any CPU.ActiveCfg = Release|Any CPU
		{AB3479C8-1C1C-4D48-97B6-17139D94AB9B}.Release|Any CPU.Build.0 = Release|Any CPU
		{46CC5C6F-C9E9-4B75-A4F1-D1264FF9C920}.Debug|Any CPU.ActiveCfg = Debug|Any CPU
		{46CC5C6F-C9E9-4B75-A4F1-D1264FF9C920}.Debug|Any CPU.Build.0 = Debug|Any CPU
		{46CC5C6F-C9E9-4B75-A4F1-D1264FF9C920}.Release|Any CPU.ActiveCfg = Release|Any CPU
		{46CC5C6F-C9E9-4B75-A4F1-D1264FF9C920}.Release|Any CPU.Build.0 = Release|Any CPU
	EndGlobalSection
	GlobalSection(SolutionProperties) = preSolution
		HideSolutionNode = FALSE
	EndGlobalSection
	GlobalSection(ExtensibilityGlobals) = postSolution
		SolutionGuid = {47BF4900-8D0B-499B-B932-0B1CFD8C8DD3}
	EndGlobalSection
EndGlobal
