
Microsoft Visual Studio Solution File, Format Version 12.00
# Visual Studio 15
VisualStudioVersion = 15.0.28307.572
MinimumVisualStudioVersion = 10.0.40219.1
Project("{FAE04EC0-301F-11D3-BF4B-00C04F79EFBC}") = "ByteBank.Portal", "ByteBank.Portal\ByteBank.Portal.csproj", "{F37F206A-CFA9-4C34-93FF-1F815121CF6A}"
EndProject
Project("{FAE04EC0-301F-11D3-BF4B-00C04F79EFBC}") = "ByteBank.Service", "ByteBank.Service\ByteBank.Service.csproj", "{5BE22C8D-CA7F-4E25-B839-FA9B18F74B98}"
EndProject
Global
	GlobalSection(SolutionConfigurationPlatforms) = preSolution
		Debug|Any CPU = Debug|Any CPU
		Release|Any CPU = Release|Any CPU
	EndGlobalSection
	GlobalSection(ProjectConfigurationPlatforms) = postSolution
		{F37F206A-CFA9-4C34-93FF-1F815121CF6A}.Debug|Any CPU.ActiveCfg = Debug|Any CPU
		{F37F206A-CFA9-4C34-93FF-1F815121CF6A}.Debug|Any CPU.Build.0 = Debug|Any CPU
		{F37F206A-CFA9-4C34-93FF-1F815121CF6A}.Release|Any CPU.ActiveCfg = Release|Any CPU
		{F37F206A-CFA9-4C34-93FF-1F815121CF6A}.Release|Any CPU.Build.0 = Release|Any CPU
		{5BE22C8D-CA7F-4E25-B839-FA9B18F74B98}.Debug|Any CPU.ActiveCfg = Debug|Any CPU
		{5BE22C8D-CA7F-4E25-B839-FA9B18F74B98}.Debug|Any CPU.Build.0 = Debug|Any CPU
		{5BE22C8D-CA7F-4E25-B839-FA9B18F74B98}.Release|Any CPU.ActiveCfg = Release|Any CPU
		{5BE22C8D-CA7F-4E25-B839-FA9B18F74B98}.Release|Any CPU.Build.0 = Release|Any CPU
	EndGlobalSection
	GlobalSection(SolutionProperties) = preSolution
		HideSolutionNode = FALSE
	EndGlobalSection
	GlobalSection(ExtensibilityGlobals) = postSolution
		SolutionGuid = {98CBC73E-DE67-4759-A957-58965DC03C40}
	EndGlobalSection
EndGlobal
